// !$*UTF8*$!
{
	archiveVersion = 1;
	classes = {
	};
	objectVersion = 56;
	objects = {

/* Begin PBXBuildFile section */
		ED42846E29C9CC4F00AD8DCA /* AppDelegate.swift in Sources */ = {isa = PBXBuildFile; fileRef = ED42846D29C9CC4F00AD8DCA /* AppDelegate.swift */; };
		ED42847229C9CC4F00AD8DCA /* Assets.xcassets in Resources */ = {isa = PBXBuildFile; fileRef = ED42847129C9CC4F00AD8DCA /* Assets.xcassets */; };
		ED42847D29C9CE0E00AD8DCA /* QRCodeView.swift in Sources */ = {isa = PBXBuildFile; fileRef = ED42847C29C9CE0E00AD8DCA /* QRCodeView.swift */; };
		ED42847F29C9CE4800AD8DCA /* QRCodeViewModel.swift in Sources */ = {isa = PBXBuildFile; fileRef = ED42847E29C9CE4800AD8DCA /* QRCodeViewModel.swift */; };
		ED42848129C9CE6200AD8DCA /* String+IsValidURL.swift in Sources */ = {isa = PBXBuildFile; fileRef = ED42848029C9CE6200AD8DCA /* String+IsValidURL.swift */; };
		ED42848329C9CF8800AD8DCA /* main.swift in Sources */ = {isa = PBXBuildFile; fileRef = ED42848229C9CF8800AD8DCA /* main.swift */; };
/* End PBXBuildFile section */

/* Begin PBXFileReference section */
		ED42846A29C9CC4F00AD8DCA /* QRCode-Generator.app */ = {isa = PBXFileReference; explicitFileType = wrapper.application; includeInIndex = 0; path = "QRCode-Generator.app"; sourceTree = BUILT_PRODUCTS_DIR; };
		ED42846D29C9CC4F00AD8DCA /* AppDelegate.swift */ = {isa = PBXFileReference; lastKnownFileType = sourcecode.swift; path = AppDelegate.swift; sourceTree = "<group>"; };
		ED42847129C9CC4F00AD8DCA /* Assets.xcassets */ = {isa = PBXFileReference; lastKnownFileType = folder.assetcatalog; path = Assets.xcassets; sourceTree = "<group>"; };
		ED42847629C9CC4F00AD8DCA /* QRCode_Generator.entitlements */ = {isa = PBXFileReference; lastKnownFileType = text.plist.entitlements; path = QRCode_Generator.entitlements; sourceTree = "<group>"; };
		ED42847C29C9CE0E00AD8DCA /* QRCodeView.swift */ = {isa = PBXFileReference; lastKnownFileType = sourcecode.swift; path = QRCodeView.swift; sourceTree = "<group>"; };
		ED42847E29C9CE4800AD8DCA /* QRCodeViewModel.swift */ = {isa = PBXFileReference; lastKnownFileType = sourcecode.swift; path = QRCodeViewModel.swift; sourceTree = "<group>"; };
		ED42848029C9CE6200AD8DCA /* String+IsValidURL.swift */ = {isa = PBXFileReference; lastKnownFileType = sourcecode.swift; path = "String+IsValidURL.swift"; sourceTree = "<group>"; };
		ED42848229C9CF8800AD8DCA /* main.swift */ = {isa = PBXFileReference; lastKnownFileType = sourcecode.swift; path = main.swift; sourceTree = "<group>"; };
/* End PBXFileReference section */

/* Begin PBXFrameworksBuildPhase section */
		ED42846729C9CC4F00AD8DCA /* Frameworks */ = {
			isa = PBXFrameworksBuildPhase;
			buildActionMask = 2147483647;
			files = (
			);
			runOnlyForDeploymentPostprocessing = 0;
		};
/* End PBXFrameworksBuildPhase section */

/* Begin PBXGroup section */
		ED42846129C9CC4F00AD8DCA = {
			isa = PBXGroup;
			children = (
				ED42846C29C9CC4F00AD8DCA /* QRCode-Generator */,
				ED42846B29C9CC4F00AD8DCA /* Products */,
			);
			sourceTree = "<group>";
		};
		ED42846B29C9CC4F00AD8DCA /* Products */ = {
			isa = PBXGroup;
			children = (
				ED42846A29C9CC4F00AD8DCA /* QRCode-Generator.app */,
			);
			name = Products;
			sourceTree = "<group>";
		};
		ED42846C29C9CC4F00AD8DCA /* QRCode-Generator */ = {
			isa = PBXGroup;
			children = (
				ED42846D29C9CC4F00AD8DCA /* AppDelegate.swift */,
				ED42848229C9CF8800AD8DCA /* main.swift */,
				ED42848029C9CE6200AD8DCA /* String+IsValidURL.swift */,
				ED42847C29C9CE0E00AD8DCA /* QRCodeView.swift */,
				ED42847E29C9CE4800AD8DCA /* QRCodeViewModel.swift */,
				ED42847129C9CC4F00AD8DCA /* Assets.xcassets */,
				ED42847629C9CC4F00AD8DCA /* QRCode_Generator.entitlements */,
			);
			path = "QRCode-Generator";
			sourceTree = "<group>";
		};
/* End PBXGroup section */

/* Begin PBXNativeTarget section */
		ED42846929C9CC4F00AD8DCA /* QRCode-Generator */ = {
			isa = PBXNativeTarget;
			buildConfigurationList = ED42847929C9CC4F00AD8DCA /* Build configuration list for PBXNativeTarget "QRCode-Generator" */;
			buildPhases = (
				ED42846629C9CC4F00AD8DCA /* Sources */,
				ED42846729C9CC4F00AD8DCA /* Frameworks */,
				ED42846829C9CC4F00AD8DCA /* Resources */,
			);
			buildRules = (
			);
			dependencies = (
			);
			name = "QRCode-Generator";
			productName = "QRCode-Generator";
			productReference = ED42846A29C9CC4F00AD8DCA /* QRCode-Generator.app */;
			productType = "com.apple.product-type.application";
		};
/* End PBXNativeTarget section */

/* Begin PBXProject section */
		ED42846229C9CC4F00AD8DCA /* Project object */ = {
			isa = PBXProject;
			attributes = {
				BuildIndependentTargetsInParallel = 1;
				LastSwiftUpdateCheck = 1410;
				LastUpgradeCheck = 1410;
				TargetAttributes = {
					ED42846929C9CC4F00AD8DCA = {
						CreatedOnToolsVersion = 14.1;
					};
				};
			};
			buildConfigurationList = ED42846529C9CC4F00AD8DCA /* Build configuration list for PBXProject "QRCode-Generator" */;
			compatibilityVersion = "Xcode 14.0";
			developmentRegion = en;
			hasScannedForEncodings = 0;
			knownRegions = (
				en,
				Base,
			);
			mainGroup = ED42846129C9CC4F00AD8DCA;
			productRefGroup = ED42846B29C9CC4F00AD8DCA /* Products */;
			projectDirPath = "";
			projectRoot = "";
			targets = (
				ED42846929C9CC4F00AD8DCA /* QRCode-Generator */,
			);
		};
/* End PBXProject section */

/* Begin PBXResourcesBuildPhase section */
		ED42846829C9CC4F00AD8DCA /* Resources */ = {
			isa = PBXResourcesBuildPhase;
			buildActionMask = 2147483647;
			files = (
				ED42847229C9CC4F00AD8DCA /* Assets.xcassets in Resources */,
			);
			runOnlyForDeploymentPostprocessing = 0;
		};
/* End PBXResourcesBuildPhase section */

/* Begin PBXSourcesBuildPhase section */
		ED42846629C9CC4F00AD8DCA /* Sources */ = {
			isa = PBXSourcesBuildPhase;
			buildActionMask = 2147483647;
			files = (
				ED42848129C9CE6200AD8DCA /* String+IsValidURL.swift in Sources */,
				ED42848329C9CF8800AD8DCA /* main.swift in Sources */,
				ED42847D29C9CE0E00AD8DCA /* QRCodeView.swift in Sources */,
				ED42847F29C9CE4800AD8DCA /* QRCodeViewModel.swift in Sources */,
				ED42846E29C9CC4F00AD8DCA /* AppDelegate.swift in Sources */,
			);
			runOnlyForDeploymentPostprocessing = 0;
		};
/* End PBXSourcesBuildPhase section */

/* Begin XCBuildConfiguration section */
		ED42847729C9CC4F00AD8DCA /* Debug */ = {
			isa = XCBuildConfiguration;
			buildSettings = {
				ALWAYS_SEARCH_USER_PATHS = NO;
				CLANG_ANALYZER_NONNULL = YES;
				CLANG_ANALYZER_NUMBER_OBJECT_CONVERSION = YES_AGGRESSIVE;
				CLANG_CXX_LANGUAGE_STANDARD = "gnu++20";
				CLANG_ENABLE_MODULES = YES;
				CLANG_ENABLE_OBJC_ARC = YES;
				CLANG_ENABLE_OBJC_WEAK = YES;
				CLANG_WARN_BLOCK_CAPTURE_AUTORELEASING = YES;
				CLANG_WARN_BOOL_CONVERSION = YES;
				CLANG_WARN_COMMA = YES;
				CLANG_WARN_CONSTANT_CONVERSION = YES;
				CLANG_WARN_DEPRECATED_OBJC_IMPLEMENTATIONS = YES;
				CLANG_WARN_DIRECT_OBJC_ISA_USAGE = YES_ERROR;
				CLANG_WARN_DOCUMENTATION_COMMENTS = YES;
				CLANG_WARN_EMPTY_BODY = YES;
				CLANG_WARN_ENUM_CONVERSION = YES;
				CLANG_WARN_INFINITE_RECURSION = YES;
				CLANG_WARN_INT_CONVERSION = YES;
				CLANG_WARN_NON_LITERAL_NULL_CONVERSION = YES;
				CLANG_WARN_OBJC_IMPLICIT_RETAIN_SELF = YES;
				CLANG_WARN_OBJC_LITERAL_CONVERSION = YES;
				CLANG_WARN_OBJC_ROOT_CLASS = YES_ERROR;
				CLANG_WARN_QUOTED_INCLUDE_IN_FRAMEWORK_HEADER = YES;
				CLANG_WARN_RANGE_LOOP_ANALYSIS = YES;
				CLANG_WARN_STRICT_PROTOTYPES = YES;
				CLANG_WARN_SUSPICIOUS_MOVE = YES;
				CLANG_WARN_UNGUARDED_AVAILABILITY = YES_AGGRESSIVE;
				CLANG_WARN_UNREACHABLE_CODE = YES;
				CLANG_WARN__DUPLICATE_METHOD_MATCH = YES;
				COPY_PHASE_STRIP = NO;
				DEBUG_INFORMATION_FORMAT = dwarf;
				ENABLE_STRICT_OBJC_MSGSEND = YES;
				ENABLE_TESTABILITY = YES;
				GCC_C_LANGUAGE_STANDARD = gnu11;
				GCC_DYNAMIC_NO_PIC = NO;
				GCC_NO_COMMON_BLOCKS = YES;
				GCC_OPTIMIZATION_LEVEL = 0;
				GCC_PREPROCESSOR_DEFINITIONS = (
					"DEBUG=1",
					"$(inherited)",
				);
				GCC_WARN_64_TO_32_BIT_CONVERSION = YES;
				GCC_WARN_ABOUT_RETURN_TYPE = YES_ERROR;
				GCC_WARN_UNDECLARED_SELECTOR = YES;
				GCC_WARN_UNINITIALIZED_AUTOS = YES_AGGRESSIVE;
				GCC_WARN_UNUSED_FUNCTION = YES;
				GCC_WARN_UNUSED_VARIABLE = YES;
				MACOSX_DEPLOYMENT_TARGET = 13.0;
				MTL_ENABLE_DEBUG_INFO = INCLUDE_SOURCE;
				MTL_FAST_MATH = YES;
				ONLY_ACTIVE_ARCH = YES;
				SDKROOT = macosx;
				SWIFT_ACTIVE_COMPILATION_CONDITIONS = DEBUG;
				SWIFT_OPTIMIZATION_LEVEL = "-Onone";
			};
			name = Debug;
		};
		ED42847829C9CC4F00AD8DCA /* Release */ = {
			isa = XCBuildConfiguration;
			buildSettings = {
				ALWAYS_SEARCH_USER_PATHS = NO;
				CLANG_ANALYZER_NONNULL = YES;
				CLANG_ANALYZER_NUMBER_OBJECT_CONVERSION = YES_AGGRESSIVE;
				CLANG_CXX_LANGUAGE_STANDARD = "gnu++20";
				CLANG_ENABLE_MODULES = YES;
				CLANG_ENABLE_OBJC_ARC = YES;
				CLANG_ENABLE_OBJC_WEAK = YES;
				CLANG_WARN_BLOCK_CAPTURE_AUTORELEASING = YES;
				CLANG_WARN_BOOL_CONVERSION = YES;
				CLANG_WARN_COMMA = YES;
				CLANG_WARN_CONSTANT_CONVERSION = YES;
				CLANG_WARN_DEPRECATED_OBJC_IMPLEMENTATIONS = YES;
				CLANG_WARN_DIRECT_OBJC_ISA_USAGE = YES_ERROR;
				CLANG_WARN_DOCUMENTATION_COMMENTS = YES;
				CLANG_WARN_EMPTY_BODY = YES;
				CLANG_WARN_ENUM_CONVERSION = YES;
				CLANG_WARN_INFINITE_RECURSION = YES;
				CLANG_WARN_INT_CONVERSION = YES;
				CLANG_WARN_NON_LITERAL_NULL_CONVERSION = YES;
				CLANG_WARN_OBJC_IMPLICIT_RETAIN_SELF = YES;
				CLANG_WARN_OBJC_LITERAL_CONVERSION = YES;
				CLANG_WARN_OBJC_ROOT_CLASS = YES_ERROR;
				CLANG_WARN_QUOTED_INCLUDE_IN_FRAMEWORK_HEADER = YES;
				CLANG_WARN_RANGE_LOOP_ANALYSIS = YES;
				CLANG_WARN_STRICT_PROTOTYPES = YES;
				CLANG_WARN_SUSPICIOUS_MOVE = YES;
				CLANG_WARN_UNGUARDED_AVAILABILITY = YES_AGGRESSIVE;
				CLANG_WARN_UNREACHABLE_CODE = YES;
				CLANG_WARN__DUPLICATE_METHOD_MATCH = YES;
				COPY_PHASE_STRIP = NO;
				DEBUG_INFORMATION_FORMAT = "dwarf-with-dsym";
				ENABLE_NS_ASSERTIONS = NO;
				ENABLE_STRICT_OBJC_MSGSEND = YES;
				GCC_C_LANGUAGE_STANDARD = gnu11;
				GCC_NO_COMMON_BLOCKS = YES;
				GCC_WARN_64_TO_32_BIT_CONVERSION = YES;
				GCC_WARN_ABOUT_RETURN_TYPE = YES_ERROR;
				GCC_WARN_UNDECLARED_SELECTOR = YES;
				GCC_WARN_UNINITIALIZED_AUTOS = YES_AGGRESSIVE;
				GCC_WARN_UNUSED_FUNCTION = YES;
				GCC_WARN_UNUSED_VARIABLE = YES;
				MACOSX_DEPLOYMENT_TARGET = 13.0;
				MTL_ENABLE_DEBUG_INFO = NO;
				MTL_FAST_MATH = YES;
				SDKROOT = macosx;
				SWIFT_COMPILATION_MODE = wholemodule;
				SWIFT_OPTIMIZATION_LEVEL = "-O";
			};
			name = Release;
		};
		ED42847A29C9CC4F00AD8DCA /* Debug */ = {
			isa = XCBuildConfiguration;
			buildSettings = {
				ASSETCATALOG_COMPILER_APPICON_NAME = AppIcon;
				ASSETCATALOG_COMPILER_GLOBAL_ACCENT_COLOR_NAME = AccentColor;
				CODE_SIGN_ENTITLEMENTS = "QRCode-Generator/QRCode_Generator.entitlements";
				CODE_SIGN_STYLE = Automatic;
				COMBINE_HIDPI_IMAGES = YES;
				CURRENT_PROJECT_VERSION = 1;
				DEVELOPMENT_TEAM = RP4PNYFADM;
				ENABLE_HARDENED_RUNTIME = YES;
				GENERATE_INFOPLIST_FILE = YES;
				INFOPLIST_KEY_LSUIElement = YES;
				INFOPLIST_KEY_NSHumanReadableCopyright = "";
				INFOPLIST_KEY_NSPrincipalClass = NSApplication;
				LD_RUNPATH_SEARCH_PATHS = (
					"$(inherited)",
					"@executable_path/../Frameworks",
				);
				MARKETING_VERSION = 1.0;
				PRODUCT_BUNDLE_IDENTIFIER = "tarka.QRCode-Generator";
				PRODUCT_NAME = "$(TARGET_NAME)";
				SWIFT_EMIT_LOC_STRINGS = YES;
				SWIFT_VERSION = 5.0;
			};
			name = Debug;
		};
		ED42847B29C9CC4F00AD8DCA /* Release */ = {
			isa = XCBuildConfiguration;
			buildSettings = {
				ASSETCATALOG_COMPILER_APPICON_NAME = AppIcon;
				ASSETCATALOG_COMPILER_GLOBAL_ACCENT_COLOR_NAME = AccentColor;
				CODE_SIGN_ENTITLEMENTS = "QRCode-Generator/QRCode_Generator.entitlements";
				CODE_SIGN_STYLE = Automatic;
				COMBINE_HIDPI_IMAGES = YES;
				CURRENT_PROJECT_VERSION = 1;
				DEVELOPMENT_TEAM = RP4PNYFADM;
				ENABLE_HARDENED_RUNTIME = YES;
				GENERATE_INFOPLIST_FILE = YES;
				INFOPLIST_KEY_LSUIElement = YES;
				INFOPLIST_KEY_NSHumanReadableCopyright = "";
				INFOPLIST_KEY_NSPrincipalClass = NSApplication;
				LD_RUNPATH_SEARCH_PATHS = (
					"$(inherited)",
					"@executable_path/../Frameworks",
				);
				MARKETING_VERSION = 1.0;
				PRODUCT_BUNDLE_IDENTIFIER = "tarka.QRCode-Generator";
				PRODUCT_NAME = "$(TARGET_NAME)";
				SWIFT_EMIT_LOC_STRINGS = YES;
				SWIFT_VERSION = 5.0;
			};
			name = Release;
		};
/* End XCBuildConfiguration section */

/* Begin XCConfigurationList section */
		ED42846529C9CC4F00AD8DCA /* Build configuration list for PBXProject "QRCode-Generator" */ = {
			isa = XCConfigurationList;
			buildConfigurations = (
				ED42847729C9CC4F00AD8DCA /* Debug */,
				ED42847829C9CC4F00AD8DCA /* Release */,
			);
			defaultConfigurationIsVisible = 0;
			defaultConfigurationName = Release;
		};
		ED42847929C9CC4F00AD8DCA /* Build configuration list for PBXNativeTarget "QRCode-Generator" */ = {
			isa = XCConfigurationList;
			buildConfigurations = (
				ED42847A29C9CC4F00AD8DCA /* Debug */,
				ED42847B29C9CC4F00AD8DCA /* Release */,
			);
			defaultConfigurationIsVisible = 0;
			defaultConfigurationName = Release;
		};
/* End XCConfigurationList section */
	};
	rootObject = ED42846229C9CC4F00AD8DCA /* Project object */;
}
