// !$*UTF8*$!
{
	archiveVersion = 1;
	classes = {
	};
	objectVersion = 56;
	objects = {

/* Begin PBXBuildFile section */
		ED0EC66429DC000D00226C3C /* TemporaryQRCodeExporter.swift in Sources */ = {isa = PBXBuildFile; fileRef = ED0EC66329DC000D00226C3C /* TemporaryQRCodeExporter.swift */; };
		ED0EC66629DC015600226C3C /* FileManager+TemporaryFilePath.swift in Sources */ = {isa = PBXBuildFile; fileRef = ED0EC66529DC015600226C3C /* FileManager+TemporaryFilePath.swift */; };
		ED0EC66829DC050A00226C3C /* Constants.swift in Sources */ = {isa = PBXBuildFile; fileRef = ED0EC66729DC050A00226C3C /* Constants.swift */; };
		ED0EC66C29DC1BA700226C3C /* ColorViewModel.swift in Sources */ = {isa = PBXBuildFile; fileRef = ED0EC66B29DC1BA700226C3C /* ColorViewModel.swift */; };
		ED0EC66E29DC311800226C3C /* String+IsValidColor.swift in Sources */ = {isa = PBXBuildFile; fileRef = ED0EC66D29DC311800226C3C /* String+IsValidColor.swift */; };
		ED203B382A14A15F00314C9D /* String+GetFileName.swift in Sources */ = {isa = PBXBuildFile; fileRef = ED203B372A14A15F00314C9D /* String+GetFileName.swift */; };
		ED203B3A2A14DD9800314C9D /* OpenPanelManager.swift in Sources */ = {isa = PBXBuildFile; fileRef = ED203B392A14DD9800314C9D /* OpenPanelManager.swift */; };
		ED42846E29C9CC4F00AD8DCA /* AppDelegate.swift in Sources */ = {isa = PBXBuildFile; fileRef = ED42846D29C9CC4F00AD8DCA /* AppDelegate.swift */; };
		ED42847229C9CC4F00AD8DCA /* Assets.xcassets in Resources */ = {isa = PBXBuildFile; fileRef = ED42847129C9CC4F00AD8DCA /* Assets.xcassets */; };
		ED42847D29C9CE0E00AD8DCA /* QRCodeView.swift in Sources */ = {isa = PBXBuildFile; fileRef = ED42847C29C9CE0E00AD8DCA /* QRCodeView.swift */; };
		ED42847F29C9CE4800AD8DCA /* QRCodeViewModel.swift in Sources */ = {isa = PBXBuildFile; fileRef = ED42847E29C9CE4800AD8DCA /* QRCodeViewModel.swift */; };
		ED42848129C9CE6200AD8DCA /* String+IsValidURL.swift in Sources */ = {isa = PBXBuildFile; fileRef = ED42848029C9CE6200AD8DCA /* String+IsValidURL.swift */; };
		ED42848329C9CF8800AD8DCA /* main.swift in Sources */ = {isa = PBXBuildFile; fileRef = ED42848229C9CF8800AD8DCA /* main.swift */; };
		EDBB6EC829D2E90C00A37F1C /* HistoryView.swift in Sources */ = {isa = PBXBuildFile; fileRef = EDBB6EC729D2E90C00A37F1C /* HistoryView.swift */; };
		EDBB6ECA29D2E93600A37F1C /* NSImage+SavePNG.swift in Sources */ = {isa = PBXBuildFile; fileRef = EDBB6EC929D2E93600A37F1C /* NSImage+SavePNG.swift */; };
		EDBB6ECC29D2E9A600A37F1C /* HistoryViewModel.swift in Sources */ = {isa = PBXBuildFile; fileRef = EDBB6ECB29D2E9A600A37F1C /* HistoryViewModel.swift */; };
		EDBB6ECE29D2E9C700A37F1C /* FileManager+SharedContainer.swift in Sources */ = {isa = PBXBuildFile; fileRef = EDBB6ECD29D2E9C700A37F1C /* FileManager+SharedContainer.swift */; };
		EDBB6ED029D2E9E000A37F1C /* QRCodeGenerator.swift in Sources */ = {isa = PBXBuildFile; fileRef = EDBB6ECF29D2E9E000A37F1C /* QRCodeGenerator.swift */; };
		EDBB6ED229D2EAF300A37F1C /* NSPasteboardHelper.swift in Sources */ = {isa = PBXBuildFile; fileRef = EDBB6ED129D2EAF300A37F1C /* NSPasteboardHelper.swift */; };
		EDBB6ED829D2F20400A37F1C /* ConfigurationView.swift in Sources */ = {isa = PBXBuildFile; fileRef = EDBB6ED729D2F20400A37F1C /* ConfigurationView.swift */; };
		EDBB6EDA29D325AF00A37F1C /* ConfigurationHelper.swift in Sources */ = {isa = PBXBuildFile; fileRef = EDBB6ED929D325AF00A37F1C /* ConfigurationHelper.swift */; };
		EDBB6EDC29D325DC00A37F1C /* CIImage+GetTintWithIcon.swift in Sources */ = {isa = PBXBuildFile; fileRef = EDBB6EDB29D325DC00A37F1C /* CIImage+GetTintWithIcon.swift */; };
		EDBB6EDE29D326E000A37F1C /* NSColor+HexString.swift in Sources */ = {isa = PBXBuildFile; fileRef = EDBB6EDD29D326E000A37F1C /* NSColor+HexString.swift */; };
		EDBB6EE029D359F300A37F1C /* NSImage+Resize.swift in Sources */ = {isa = PBXBuildFile; fileRef = EDBB6EDF29D359F300A37F1C /* NSImage+Resize.swift */; };
		EDBB6F0229D4082A00A37F1C /* TimerManager.swift in Sources */ = {isa = PBXBuildFile; fileRef = EDBB6F0129D4082A00A37F1C /* TimerManager.swift */; };
/* End PBXBuildFile section */

/* Begin PBXFileReference section */
		ED0EC66329DC000D00226C3C /* TemporaryQRCodeExporter.swift */ = {isa = PBXFileReference; lastKnownFileType = sourcecode.swift; path = TemporaryQRCodeExporter.swift; sourceTree = "<group>"; };
		ED0EC66529DC015600226C3C /* FileManager+TemporaryFilePath.swift */ = {isa = PBXFileReference; lastKnownFileType = sourcecode.swift; path = "FileManager+TemporaryFilePath.swift"; sourceTree = "<group>"; };
		ED0EC66729DC050A00226C3C /* Constants.swift */ = {isa = PBXFileReference; lastKnownFileType = sourcecode.swift; path = Constants.swift; sourceTree = "<group>"; };
		ED0EC66B29DC1BA700226C3C /* ColorViewModel.swift */ = {isa = PBXFileReference; lastKnownFileType = sourcecode.swift; path = ColorViewModel.swift; sourceTree = "<group>"; };
		ED0EC66D29DC311800226C3C /* String+IsValidColor.swift */ = {isa = PBXFileReference; lastKnownFileType = sourcecode.swift; path = "String+IsValidColor.swift"; sourceTree = "<group>"; };
		ED203B372A14A15F00314C9D /* String+GetFileName.swift */ = {isa = PBXFileReference; lastKnownFileType = sourcecode.swift; path = "String+GetFileName.swift"; sourceTree = "<group>"; };
		ED203B392A14DD9800314C9D /* OpenPanelManager.swift */ = {isa = PBXFileReference; lastKnownFileType = sourcecode.swift; path = OpenPanelManager.swift; sourceTree = "<group>"; };
		ED42846A29C9CC4F00AD8DCA /* QRCode-Generator.app */ = {isa = PBXFileReference; explicitFileType = wrapper.application; includeInIndex = 0; path = "QRCode-Generator.app"; sourceTree = BUILT_PRODUCTS_DIR; };
		ED42846D29C9CC4F00AD8DCA /* AppDelegate.swift */ = {isa = PBXFileReference; lastKnownFileType = sourcecode.swift; path = AppDelegate.swift; sourceTree = "<group>"; };
		ED42847129C9CC4F00AD8DCA /* Assets.xcassets */ = {isa = PBXFileReference; lastKnownFileType = folder.assetcatalog; path = Assets.xcassets; sourceTree = "<group>"; };
		ED42847629C9CC4F00AD8DCA /* QRCode_Generator.entitlements */ = {isa = PBXFileReference; lastKnownFileType = text.plist.entitlements; path = QRCode_Generator.entitlements; sourceTree = "<group>"; };
		ED42847C29C9CE0E00AD8DCA /* QRCodeView.swift */ = {isa = PBXFileReference; lastKnownFileType = sourcecode.swift; path = QRCodeView.swift; sourceTree = "<group>"; };
		ED42847E29C9CE4800AD8DCA /* QRCodeViewModel.swift */ = {isa = PBXFileReference; lastKnownFileType = sourcecode.swift; path = QRCodeViewModel.swift; sourceTree = "<group>"; };
		ED42848029C9CE6200AD8DCA /* String+IsValidURL.swift */ = {isa = PBXFileReference; lastKnownFileType = sourcecode.swift; path = "String+IsValidURL.swift"; sourceTree = "<group>"; };
		ED42848229C9CF8800AD8DCA /* main.swift */ = {isa = PBXFileReference; lastKnownFileType = sourcecode.swift; path = main.swift; sourceTree = "<group>"; };
		EDBB6EC729D2E90C00A37F1C /* HistoryView.swift */ = {isa = PBXFileReference; lastKnownFileType = sourcecode.swift; path = HistoryView.swift; sourceTree = "<group>"; };
		EDBB6EC929D2E93600A37F1C /* NSImage+SavePNG.swift */ = {isa = PBXFileReference; lastKnownFileType = sourcecode.swift; path = "NSImage+SavePNG.swift"; sourceTree = "<group>"; };
		EDBB6ECB29D2E9A600A37F1C /* HistoryViewModel.swift */ = {isa = PBXFileReference; lastKnownFileType = sourcecode.swift; path = HistoryViewModel.swift; sourceTree = "<group>"; };
		EDBB6ECD29D2E9C700A37F1C /* FileManager+SharedContainer.swift */ = {isa = PBXFileReference; lastKnownFileType = sourcecode.swift; path = "FileManager+SharedContainer.swift"; sourceTree = "<group>"; };
		EDBB6ECF29D2E9E000A37F1C /* QRCodeGenerator.swift */ = {isa = PBXFileReference; lastKnownFileType = sourcecode.swift; path = QRCodeGenerator.swift; sourceTree = "<group>"; };
		EDBB6ED129D2EAF300A37F1C /* NSPasteboardHelper.swift */ = {isa = PBXFileReference; lastKnownFileType = sourcecode.swift; path = NSPasteboardHelper.swift; sourceTree = "<group>"; };
		EDBB6ED729D2F20400A37F1C /* ConfigurationView.swift */ = {isa = PBXFileReference; lastKnownFileType = sourcecode.swift; path = ConfigurationView.swift; sourceTree = "<group>"; };
		EDBB6ED929D325AF00A37F1C /* ConfigurationHelper.swift */ = {isa = PBXFileReference; lastKnownFileType = sourcecode.swift; path = ConfigurationHelper.swift; sourceTree = "<group>"; };
		EDBB6EDB29D325DC00A37F1C /* CIImage+GetTintWithIcon.swift */ = {isa = PBXFileReference; lastKnownFileType = sourcecode.swift; path = "CIImage+GetTintWithIcon.swift"; sourceTree = "<group>"; };
		EDBB6EDD29D326E000A37F1C /* NSColor+HexString.swift */ = {isa = PBXFileReference; lastKnownFileType = sourcecode.swift; path = "NSColor+HexString.swift"; sourceTree = "<group>"; };
		EDBB6EDF29D359F300A37F1C /* NSImage+Resize.swift */ = {isa = PBXFileReference; lastKnownFileType = sourcecode.swift; path = "NSImage+Resize.swift"; sourceTree = "<group>"; };
		EDBB6F0129D4082A00A37F1C /* TimerManager.swift */ = {isa = PBXFileReference; lastKnownFileType = sourcecode.swift; path = TimerManager.swift; sourceTree = "<group>"; };
/* End PBXFileReference section */

/* Begin PBXFrameworksBuildPhase section */
		ED42846729C9CC4F00AD8DCA /* Frameworks */ = {
			isa = PBXFrameworksBuildPhase;
			buildActionMask = 2147483647;
			files = (
			);
			runOnlyForDeploymentPostprocessing = 0;
		};
/* End PBXFrameworksBuildPhase section */

/* Begin PBXGroup section */
		ED42846129C9CC4F00AD8DCA = {
			isa = PBXGroup;
			children = (
				ED42846C29C9CC4F00AD8DCA /* QRCode-Generator */,
				ED42846B29C9CC4F00AD8DCA /* Products */,
			);
			sourceTree = "<group>";
		};
		ED42846B29C9CC4F00AD8DCA /* Products */ = {
			isa = PBXGroup;
			children = (
				ED42846A29C9CC4F00AD8DCA /* QRCode-Generator.app */,
			);
			name = Products;
			sourceTree = "<group>";
		};
		ED42846C29C9CC4F00AD8DCA /* QRCode-Generator */ = {
			isa = PBXGroup;
			children = (
				ED42846D29C9CC4F00AD8DCA /* AppDelegate.swift */,
				ED0EC66729DC050A00226C3C /* Constants.swift */,
				EDBB6ED529D2EC8E00A37F1C /* Extensions */,
				EDBB6ED629D2ECC300A37F1C /* Helpers */,
				ED42848229C9CF8800AD8DCA /* main.swift */,
				EDBB6ED329D2EC7300A37F1C /* Views */,
				EDBB6ED429D2EC8100A37F1C /* ViewModels */,
				ED42847129C9CC4F00AD8DCA /* Assets.xcassets */,
				ED42847629C9CC4F00AD8DCA /* QRCode_Generator.entitlements */,
			);
			path = "QRCode-Generator";
			sourceTree = "<group>";
		};
		EDBB6ED329D2EC7300A37F1C /* Views */ = {
			isa = PBXGroup;
			children = (
				EDBB6ED729D2F20400A37F1C /* ConfigurationView.swift */,
				EDBB6EC729D2E90C00A37F1C /* HistoryView.swift */,
				ED42847C29C9CE0E00AD8DCA /* QRCodeView.swift */,
			);
			path = Views;
			sourceTree = "<group>";
		};
		EDBB6ED429D2EC8100A37F1C /* ViewModels */ = {
			isa = PBXGroup;
			children = (
				ED0EC66B29DC1BA700226C3C /* ColorViewModel.swift */,
				EDBB6ECB29D2E9A600A37F1C /* HistoryViewModel.swift */,
				ED42847E29C9CE4800AD8DCA /* QRCodeViewModel.swift */,
			);
			path = ViewModels;
			sourceTree = "<group>";
		};
		EDBB6ED529D2EC8E00A37F1C /* Extensions */ = {
			isa = PBXGroup;
			children = (
				EDBB6EDB29D325DC00A37F1C /* CIImage+GetTintWithIcon.swift */,
				EDBB6ECD29D2E9C700A37F1C /* FileManager+SharedContainer.swift */,
				ED0EC66529DC015600226C3C /* FileManager+TemporaryFilePath.swift */,
				EDBB6EDD29D326E000A37F1C /* NSColor+HexString.swift */,
				EDBB6EDF29D359F300A37F1C /* NSImage+Resize.swift */,
				EDBB6EC929D2E93600A37F1C /* NSImage+SavePNG.swift */,
				ED0EC66D29DC311800226C3C /* String+IsValidColor.swift */,
				ED42848029C9CE6200AD8DCA /* String+IsValidURL.swift */,
				ED203B372A14A15F00314C9D /* String+GetFileName.swift */,
			);
			path = Extensions;
			sourceTree = "<group>";
		};
		EDBB6ED629D2ECC300A37F1C /* Helpers */ = {
			isa = PBXGroup;
			children = (
				EDBB6ED929D325AF00A37F1C /* ConfigurationHelper.swift */,
				EDBB6ED129D2EAF300A37F1C /* NSPasteboardHelper.swift */,
				ED203B392A14DD9800314C9D /* OpenPanelManager.swift */,
				ED0EC66329DC000D00226C3C /* TemporaryQRCodeExporter.swift */,
				EDBB6F0129D4082A00A37F1C /* TimerManager.swift */,
				EDBB6ECF29D2E9E000A37F1C /* QRCodeGenerator.swift */,
			);
			path = Helpers;
			sourceTree = "<group>";
		};
/* End PBXGroup section */

/* Begin PBXNativeTarget section */
		ED42846929C9CC4F00AD8DCA /* QRCode-Generator */ = {
			isa = PBXNativeTarget;
			buildConfigurationList = ED42847929C9CC4F00AD8DCA /* Build configuration list for PBXNativeTarget "QRCode-Generator" */;
			buildPhases = (
				ED42846629C9CC4F00AD8DCA /* Sources */,
				ED42846729C9CC4F00AD8DCA /* Frameworks */,
				ED42846829C9CC4F00AD8DCA /* Resources */,
			);
			buildRules = (
			);
			dependencies = (
			);
			name = "QRCode-Generator";
			productName = "QRCode-Generator";
			productReference = ED42846A29C9CC4F00AD8DCA /* QRCode-Generator.app */;
			productType = "com.apple.product-type.application";
		};
/* End PBXNativeTarget section */

/* Begin PBXProject section */
		ED42846229C9CC4F00AD8DCA /* Project object */ = {
			isa = PBXProject;
			attributes = {
				BuildIndependentTargetsInParallel = 1;
				LastSwiftUpdateCheck = 1410;
				LastUpgradeCheck = 1410;
				TargetAttributes = {
					ED42846929C9CC4F00AD8DCA = {
						CreatedOnToolsVersion = 14.1;
					};
				};
			};
			buildConfigurationList = ED42846529C9CC4F00AD8DCA /* Build configuration list for PBXProject "QRCode-Generator" */;
			compatibilityVersion = "Xcode 14.0";
			developmentRegion = en;
			hasScannedForEncodings = 0;
			knownRegions = (
				en,
				Base,
			);
			mainGroup = ED42846129C9CC4F00AD8DCA;
			productRefGroup = ED42846B29C9CC4F00AD8DCA /* Products */;
			projectDirPath = "";
			projectRoot = "";
			targets = (
				ED42846929C9CC4F00AD8DCA /* QRCode-Generator */,
			);
		};
/* End PBXProject section */

/* Begin PBXResourcesBuildPhase section */
		ED42846829C9CC4F00AD8DCA /* Resources */ = {
			isa = PBXResourcesBuildPhase;
			buildActionMask = 2147483647;
			files = (
				ED42847229C9CC4F00AD8DCA /* Assets.xcassets in Resources */,
			);
			runOnlyForDeploymentPostprocessing = 0;
		};
/* End PBXResourcesBuildPhase section */

/* Begin PBXSourcesBuildPhase section */
		ED42846629C9CC4F00AD8DCA /* Sources */ = {
			isa = PBXSourcesBuildPhase;
			buildActionMask = 2147483647;
			files = (
				EDBB6EE029D359F300A37F1C /* NSImage+Resize.swift in Sources */,
				EDBB6ECA29D2E93600A37F1C /* NSImage+SavePNG.swift in Sources */,
				ED0EC66C29DC1BA700226C3C /* ColorViewModel.swift in Sources */,
				EDBB6EDE29D326E000A37F1C /* NSColor+HexString.swift in Sources */,
				ED203B3A2A14DD9800314C9D /* OpenPanelManager.swift in Sources */,
				EDBB6F0229D4082A00A37F1C /* TimerManager.swift in Sources */,
				ED0EC66E29DC311800226C3C /* String+IsValidColor.swift in Sources */,
				EDBB6ED829D2F20400A37F1C /* ConfigurationView.swift in Sources */,
				ED0EC66629DC015600226C3C /* FileManager+TemporaryFilePath.swift in Sources */,
				ED0EC66429DC000D00226C3C /* TemporaryQRCodeExporter.swift in Sources */,
				ED42848129C9CE6200AD8DCA /* String+IsValidURL.swift in Sources */,
				EDBB6EC829D2E90C00A37F1C /* HistoryView.swift in Sources */,
				EDBB6EDA29D325AF00A37F1C /* ConfigurationHelper.swift in Sources */,
				ED42848329C9CF8800AD8DCA /* main.swift in Sources */,
				EDBB6ECE29D2E9C700A37F1C /* FileManager+SharedContainer.swift in Sources */,
				EDBB6ED029D2E9E000A37F1C /* QRCodeGenerator.swift in Sources */,
				ED42847D29C9CE0E00AD8DCA /* QRCodeView.swift in Sources */,
				ED203B382A14A15F00314C9D /* String+GetFileName.swift in Sources */,
				ED42847F29C9CE4800AD8DCA /* QRCodeViewModel.swift in Sources */,
				ED0EC66829DC050A00226C3C /* Constants.swift in Sources */,
				EDBB6EDC29D325DC00A37F1C /* CIImage+GetTintWithIcon.swift in Sources */,
				ED42846E29C9CC4F00AD8DCA /* AppDelegate.swift in Sources */,
				EDBB6ED229D2EAF300A37F1C /* NSPasteboardHelper.swift in Sources */,
				EDBB6ECC29D2E9A600A37F1C /* HistoryViewModel.swift in Sources */,
			);
			runOnlyForDeploymentPostprocessing = 0;
		};
/* End PBXSourcesBuildPhase section */

/* Begin XCBuildConfiguration section */
		ED42847729C9CC4F00AD8DCA /* Debug */ = {
			isa = XCBuildConfiguration;
			buildSettings = {
				ALWAYS_SEARCH_USER_PATHS = NO;
				CLANG_ANALYZER_NONNULL = YES;
				CLANG_ANALYZER_NUMBER_OBJECT_CONVERSION = YES_AGGRESSIVE;
				CLANG_CXX_LANGUAGE_STANDARD = "gnu++20";
				CLANG_ENABLE_MODULES = YES;
				CLANG_ENABLE_OBJC_ARC = YES;
				CLANG_ENABLE_OBJC_WEAK = YES;
				CLANG_WARN_BLOCK_CAPTURE_AUTORELEASING = YES;
				CLANG_WARN_BOOL_CONVERSION = YES;
				CLANG_WARN_COMMA = YES;
				CLANG_WARN_CONSTANT_CONVERSION = YES;
				CLANG_WARN_DEPRECATED_OBJC_IMPLEMENTATIONS = YES;
				CLANG_WARN_DIRECT_OBJC_ISA_USAGE = YES_ERROR;
				CLANG_WARN_DOCUMENTATION_COMMENTS = YES;
				CLANG_WARN_EMPTY_BODY = YES;
				CLANG_WARN_ENUM_CONVERSION = YES;
				CLANG_WARN_INFINITE_RECURSION = YES;
				CLANG_WARN_INT_CONVERSION = YES;
				CLANG_WARN_NON_LITERAL_NULL_CONVERSION = YES;
				CLANG_WARN_OBJC_IMPLICIT_RETAIN_SELF = YES;
				CLANG_WARN_OBJC_LITERAL_CONVERSION = YES;
				CLANG_WARN_OBJC_ROOT_CLASS = YES_ERROR;
				CLANG_WARN_QUOTED_INCLUDE_IN_FRAMEWORK_HEADER = YES;
				CLANG_WARN_RANGE_LOOP_ANALYSIS = YES;
				CLANG_WARN_STRICT_PROTOTYPES = YES;
				CLANG_WARN_SUSPICIOUS_MOVE = YES;
				CLANG_WARN_UNGUARDED_AVAILABILITY = YES_AGGRESSIVE;
				CLANG_WARN_UNREACHABLE_CODE = YES;
				CLANG_WARN__DUPLICATE_METHOD_MATCH = YES;
				COPY_PHASE_STRIP = NO;
				DEBUG_INFORMATION_FORMAT = dwarf;
				ENABLE_STRICT_OBJC_MSGSEND = YES;
				ENABLE_TESTABILITY = YES;
				GCC_C_LANGUAGE_STANDARD = gnu11;
				GCC_DYNAMIC_NO_PIC = NO;
				GCC_NO_COMMON_BLOCKS = YES;
				GCC_OPTIMIZATION_LEVEL = 0;
				GCC_PREPROCESSOR_DEFINITIONS = (
					"DEBUG=1",
					"$(inherited)",
				);
				GCC_WARN_64_TO_32_BIT_CONVERSION = YES;
				GCC_WARN_ABOUT_RETURN_TYPE = YES_ERROR;
				GCC_WARN_UNDECLARED_SELECTOR = YES;
				GCC_WARN_UNINITIALIZED_AUTOS = YES_AGGRESSIVE;
				GCC_WARN_UNUSED_FUNCTION = YES;
				GCC_WARN_UNUSED_VARIABLE = YES;
				MACOSX_DEPLOYMENT_TARGET = 13.0;
				MTL_ENABLE_DEBUG_INFO = INCLUDE_SOURCE;
				MTL_FAST_MATH = YES;
				ONLY_ACTIVE_ARCH = YES;
				SDKROOT = macosx;
				SWIFT_ACTIVE_COMPILATION_CONDITIONS = DEBUG;
				SWIFT_OPTIMIZATION_LEVEL = "-Onone";
			};
			name = Debug;
		};
		ED42847829C9CC4F00AD8DCA /* Release */ = {
			isa = XCBuildConfiguration;
			buildSettings = {
				ALWAYS_SEARCH_USER_PATHS = NO;
				CLANG_ANALYZER_NONNULL = YES;
				CLANG_ANALYZER_NUMBER_OBJECT_CONVERSION = YES_AGGRESSIVE;
				CLANG_CXX_LANGUAGE_STANDARD = "gnu++20";
				CLANG_ENABLE_MODULES = YES;
				CLANG_ENABLE_OBJC_ARC = YES;
				CLANG_ENABLE_OBJC_WEAK = YES;
				CLANG_WARN_BLOCK_CAPTURE_AUTORELEASING = YES;
				CLANG_WARN_BOOL_CONVERSION = YES;
				CLANG_WARN_COMMA = YES;
				CLANG_WARN_CONSTANT_CONVERSION = YES;
				CLANG_WARN_DEPRECATED_OBJC_IMPLEMENTATIONS = YES;
				CLANG_WARN_DIRECT_OBJC_ISA_USAGE = YES_ERROR;
				CLANG_WARN_DOCUMENTATION_COMMENTS = YES;
				CLANG_WARN_EMPTY_BODY = YES;
				CLANG_WARN_ENUM_CONVERSION = YES;
				CLANG_WARN_INFINITE_RECURSION = YES;
				CLANG_WARN_INT_CONVERSION = YES;
				CLANG_WARN_NON_LITERAL_NULL_CONVERSION = YES;
				CLANG_WARN_OBJC_IMPLICIT_RETAIN_SELF = YES;
				CLANG_WARN_OBJC_LITERAL_CONVERSION = YES;
				CLANG_WARN_OBJC_ROOT_CLASS = YES_ERROR;
				CLANG_WARN_QUOTED_INCLUDE_IN_FRAMEWORK_HEADER = YES;
				CLANG_WARN_RANGE_LOOP_ANALYSIS = YES;
				CLANG_WARN_STRICT_PROTOTYPES = YES;
				CLANG_WARN_SUSPICIOUS_MOVE = YES;
				CLANG_WARN_UNGUARDED_AVAILABILITY = YES_AGGRESSIVE;
				CLANG_WARN_UNREACHABLE_CODE = YES;
				CLANG_WARN__DUPLICATE_METHOD_MATCH = YES;
				COPY_PHASE_STRIP = NO;
				DEBUG_INFORMATION_FORMAT = "dwarf-with-dsym";
				ENABLE_NS_ASSERTIONS = NO;
				ENABLE_STRICT_OBJC_MSGSEND = YES;
				GCC_C_LANGUAGE_STANDARD = gnu11;
				GCC_NO_COMMON_BLOCKS = YES;
				GCC_WARN_64_TO_32_BIT_CONVERSION = YES;
				GCC_WARN_ABOUT_RETURN_TYPE = YES_ERROR;
				GCC_WARN_UNDECLARED_SELECTOR = YES;
				GCC_WARN_UNINITIALIZED_AUTOS = YES_AGGRESSIVE;
				GCC_WARN_UNUSED_FUNCTION = YES;
				GCC_WARN_UNUSED_VARIABLE = YES;
				MACOSX_DEPLOYMENT_TARGET = 13.0;
				MTL_ENABLE_DEBUG_INFO = NO;
				MTL_FAST_MATH = YES;
				SDKROOT = macosx;
				SWIFT_COMPILATION_MODE = wholemodule;
				SWIFT_OPTIMIZATION_LEVEL = "-O";
			};
			name = Release;
		};
		ED42847A29C9CC4F00AD8DCA /* Debug */ = {
			isa = XCBuildConfiguration;
			buildSettings = {
				ASSETCATALOG_COMPILER_APPICON_NAME = AppIcon;
				ASSETCATALOG_COMPILER_GLOBAL_ACCENT_COLOR_NAME = AccentColor;
				CODE_SIGN_ENTITLEMENTS = "QRCode-Generator/QRCode_Generator.entitlements";
				CODE_SIGN_STYLE = Automatic;
				COMBINE_HIDPI_IMAGES = YES;
				CURRENT_PROJECT_VERSION = 1;
				DEVELOPMENT_TEAM = RP4PNYFADM;
				ENABLE_HARDENED_RUNTIME = YES;
				GENERATE_INFOPLIST_FILE = YES;
				INFOPLIST_KEY_LSUIElement = YES;
				INFOPLIST_KEY_NSHumanReadableCopyright = "";
				INFOPLIST_KEY_NSPrincipalClass = NSApplication;
				LD_RUNPATH_SEARCH_PATHS = (
					"$(inherited)",
					"@executable_path/../Frameworks",
				);
				MACOSX_DEPLOYMENT_TARGET = 13.0;
				MARKETING_VERSION = 1.3;
				PRODUCT_BUNDLE_IDENTIFIER = "tarka.QRCode-Generator";
				PRODUCT_NAME = "$(TARGET_NAME)";
				SWIFT_EMIT_LOC_STRINGS = YES;
				SWIFT_VERSION = 5.0;
			};
			name = Debug;
		};
		ED42847B29C9CC4F00AD8DCA /* Release */ = {
			isa = XCBuildConfiguration;
			buildSettings = {
				ASSETCATALOG_COMPILER_APPICON_NAME = AppIcon;
				ASSETCATALOG_COMPILER_GLOBAL_ACCENT_COLOR_NAME = AccentColor;
				CODE_SIGN_ENTITLEMENTS = "QRCode-Generator/QRCode_Generator.entitlements";
				CODE_SIGN_STYLE = Automatic;
				COMBINE_HIDPI_IMAGES = YES;
				CURRENT_PROJECT_VERSION = 1;
				DEVELOPMENT_TEAM = RP4PNYFADM;
				ENABLE_HARDENED_RUNTIME = YES;
				GENERATE_INFOPLIST_FILE = YES;
				INFOPLIST_KEY_LSUIElement = YES;
				INFOPLIST_KEY_NSHumanReadableCopyright = "";
				INFOPLIST_KEY_NSPrincipalClass = NSApplication;
				LD_RUNPATH_SEARCH_PATHS = (
					"$(inherited)",
					"@executable_path/../Frameworks",
				);
				MACOSX_DEPLOYMENT_TARGET = 13.0;
				MARKETING_VERSION = 1.3;
				PRODUCT_BUNDLE_IDENTIFIER = "tarka.QRCode-Generator";
				PRODUCT_NAME = "$(TARGET_NAME)";
				SWIFT_EMIT_LOC_STRINGS = YES;
				SWIFT_VERSION = 5.0;
			};
			name = Release;
		};
/* End XCBuildConfiguration section */

/* Begin XCConfigurationList section */
		ED42846529C9CC4F00AD8DCA /* Build configuration list for PBXProject "QRCode-Generator" */ = {
			isa = XCConfigurationList;
			buildConfigurations = (
				ED42847729C9CC4F00AD8DCA /* Debug */,
				ED42847829C9CC4F00AD8DCA /* Release */,
			);
			defaultConfigurationIsVisible = 0;
			defaultConfigurationName = Release;
		};
		ED42847929C9CC4F00AD8DCA /* Build configuration list for PBXNativeTarget "QRCode-Generator" */ = {
			isa = XCConfigurationList;
			buildConfigurations = (
				ED42847A29C9CC4F00AD8DCA /* Debug */,
				ED42847B29C9CC4F00AD8DCA /* Release */,
			);
			defaultConfigurationIsVisible = 0;
			defaultConfigurationName = Release;
		};
/* End XCConfigurationList section */
	};
	rootObject = ED42846229C9CC4F00AD8DCA /* Project object */;
}
